
Microsoft Visual Studio Solution File, Format Version 12.00
# Visual Studio Version 17
VisualStudioVersion = 17.5.002.0
MinimumVisualStudioVersion = 10.0.40219.1
Project("{9A19103F-16F7-4668-BE54-9A1E7A4F7556}") = "CSharp-projeto-musical", "CSharp-projeto-musical.csproj", "{93FB2C42-343A-48F8-AEA6-19984B494AC0}"
EndProject
Global
	GlobalSection(SolutionConfigurationPlatforms) = preSolution
		Debug|Any CPU = Debug|Any CPU
		Release|Any CPU = Release|Any CPU
	EndGlobalSection
	GlobalSection(ProjectConfigurationPlatforms) = postSolution
		{93FB2C42-343A-48F8-AEA6-19984B494AC0}.Debug|Any CPU.ActiveCfg = Debug|Any CPU
		{93FB2C42-343A-48F8-AEA6-19984B494AC0}.Debug|Any CPU.Build.0 = Debug|Any CPU
		{93FB2C42-343A-48F8-AEA6-19984B494AC0}.Release|Any CPU.ActiveCfg = Release|Any CPU
		{93FB2C42-343A-48F8-AEA6-19984B494AC0}.Release|Any CPU.Build.0 = Release|Any CPU
	EndGlobalSection
	GlobalSection(SolutionProperties) = preSolution
		HideSolutionNode = FALSE
	EndGlobalSection
	GlobalSection(ExtensibilityGlobals) = postSolution
		SolutionGuid = {52726EB4-4BF9-4B2A-BF7B-5D87439B7C24}
	EndGlobalSection
EndGlobal
